// !$*UTF8*$!
{
	archiveVersion = 1;
	classes = {
	};
	objectVersion = 50;
	objects = {

/* Begin PBXBuildFile section */
		2D087A9F243E8B3E002A62D2 /* AppDelegate.swift in Sources */ = {isa = PBXBuildFile; fileRef = 2D087A9E243E8B3E002A62D2 /* AppDelegate.swift */; };
		2D087AA1243E8B3E002A62D2 /* SceneDelegate.swift in Sources */ = {isa = PBXBuildFile; fileRef = 2D087AA0243E8B3E002A62D2 /* SceneDelegate.swift */; };
		2D087AA3243E8B3E002A62D2 /* ViewController.swift in Sources */ = {isa = PBXBuildFile; fileRef = 2D087AA2243E8B3E002A62D2 /* ViewController.swift */; };
		2D087AA6243E8B3E002A62D2 /* Main.storyboard in Resources */ = {isa = PBXBuildFile; fileRef = 2D087AA4243E8B3E002A62D2 /* Main.storyboard */; };
		2D087AA8243E8B45002A62D2 /* Assets.xcassets in Resources */ = {isa = PBXBuildFile; fileRef = 2D087AA7243E8B45002A62D2 /* Assets.xcassets */; };
		2D087AAB243E8B45002A62D2 /* LaunchScreen.storyboard in Resources */ = {isa = PBXBuildFile; fileRef = 2D087AA9243E8B45002A62D2 /* LaunchScreen.storyboard */; };
		2D46EE7E244A6ABD00F60B7E /* Refeicao.swift in Sources */ = {isa = PBXBuildFile; fileRef = 2D46EE7D244A6ABD00F60B7E /* Refeicao.swift */; };
		2D46EE80244A6B2000F60B7E /* Item.swift in Sources */ = {isa = PBXBuildFile; fileRef = 2D46EE7F244A6B2000F60B7E /* Item.swift */; };
/* End PBXBuildFile section */

/* Begin PBXFileReference section */
		2D087A9B243E8B3E002A62D2 /* eggplant-brownie.app */ = {isa = PBXFileReference; explicitFileType = wrapper.application; includeInIndex = 0; path = "eggplant-brownie.app"; sourceTree = BUILT_PRODUCTS_DIR; };
		2D087A9E243E8B3E002A62D2 /* AppDelegate.swift */ = {isa = PBXFileReference; lastKnownFileType = sourcecode.swift; path = AppDelegate.swift; sourceTree = "<group>"; };
		2D087AA0243E8B3E002A62D2 /* SceneDelegate.swift */ = {isa = PBXFileReference; lastKnownFileType = sourcecode.swift; path = SceneDelegate.swift; sourceTree = "<group>"; };
		2D087AA2243E8B3E002A62D2 /* ViewController.swift */ = {isa = PBXFileReference; lastKnownFileType = sourcecode.swift; path = ViewController.swift; sourceTree = "<group>"; };
		2D087AA5243E8B3E002A62D2 /* Base */ = {isa = PBXFileReference; lastKnownFileType = file.storyboard; name = Base; path = Base.lproj/Main.storyboard; sourceTree = "<group>"; };
		2D087AA7243E8B45002A62D2 /* Assets.xcassets */ = {isa = PBXFileReference; lastKnownFileType = folder.assetcatalog; path = Assets.xcassets; sourceTree = "<group>"; };
		2D087AAA243E8B45002A62D2 /* Base */ = {isa = PBXFileReference; lastKnownFileType = file.storyboard; name = Base; path = Base.lproj/LaunchScreen.storyboard; sourceTree = "<group>"; };
		2D087AAC243E8B45002A62D2 /* Info.plist */ = {isa = PBXFileReference; lastKnownFileType = text.plist.xml; path = Info.plist; sourceTree = "<group>"; };
		2D46EE7D244A6ABD00F60B7E /* Refeicao.swift */ = {isa = PBXFileReference; lastKnownFileType = sourcecode.swift; path = Refeicao.swift; sourceTree = "<group>"; };
		2D46EE7F244A6B2000F60B7E /* Item.swift */ = {isa = PBXFileReference; lastKnownFileType = sourcecode.swift; path = Item.swift; sourceTree = "<group>"; };
		2D8601D0244A455E00CB244B /* MyPlayground.playground */ = {isa = PBXFileReference; lastKnownFileType = file.playground; name = MyPlayground.playground; path = "../../../Library/Autosave Information/MyPlayground.playground"; sourceTree = "<group>"; xcLanguageSpecificationIdentifier = xcode.lang.swift; };
/* End PBXFileReference section */

/* Begin PBXFrameworksBuildPhase section */
		2D087A98243E8B3E002A62D2 /* Frameworks */ = {
			isa = PBXFrameworksBuildPhase;
			buildActionMask = 2147483647;
			files = (
			);
			runOnlyForDeploymentPostprocessing = 0;
		};
/* End PBXFrameworksBuildPhase section */

/* Begin PBXGroup section */
		2D087A92243E8B3E002A62D2 = {
			isa = PBXGroup;
			children = (
				2D087A9D243E8B3E002A62D2 /* eggplant-brownie */,
				2D087A9C243E8B3E002A62D2 /* Products */,
			);
			sourceTree = "<group>";
		};
		2D087A9C243E8B3E002A62D2 /* Products */ = {
			isa = PBXGroup;
			children = (
				2D087A9B243E8B3E002A62D2 /* eggplant-brownie.app */,
			);
			name = Products;
			sourceTree = "<group>";
		};
		2D087A9D243E8B3E002A62D2 /* eggplant-brownie */ = {
			isa = PBXGroup;
			children = (
				2D087A9E243E8B3E002A62D2 /* AppDelegate.swift */,
				2D087AA0243E8B3E002A62D2 /* SceneDelegate.swift */,
				2D46EE81244A6BBF00F60B7E /* Models */,
				2D46EE83244A6C2700F60B7E /* Views */,
				2D46EE82244A6BEE00F60B7E /* Controllers */,
				2D087AA7243E8B45002A62D2 /* Assets.xcassets */,
				2D8601D0244A455E00CB244B /* MyPlayground.playground */,
				2D087AA9243E8B45002A62D2 /* LaunchScreen.storyboard */,
				2D087AAC243E8B45002A62D2 /* Info.plist */,
			);
			path = "eggplant-brownie";
			sourceTree = "<group>";
		};
		2D46EE81244A6BBF00F60B7E /* Models */ = {
			isa = PBXGroup;
			children = (
				2D46EE7D244A6ABD00F60B7E /* Refeicao.swift */,
				2D46EE7F244A6B2000F60B7E /* Item.swift */,
			);
			path = Models;
			sourceTree = "<group>";
		};
		2D46EE82244A6BEE00F60B7E /* Controllers */ = {
			isa = PBXGroup;
			children = (
				2D087AA2243E8B3E002A62D2 /* ViewController.swift */,
			);
			path = Controllers;
			sourceTree = "<group>";
		};
		2D46EE83244A6C2700F60B7E /* Views */ = {
			isa = PBXGroup;
			children = (
				2D087AA4243E8B3E002A62D2 /* Main.storyboard */,
			);
			path = Views;
			sourceTree = "<group>";
		};
/* End PBXGroup section */

/* Begin PBXNativeTarget section */
		2D087A9A243E8B3E002A62D2 /* eggplant-brownie */ = {
			isa = PBXNativeTarget;
			buildConfigurationList = 2D087AAF243E8B45002A62D2 /* Build configuration list for PBXNativeTarget "eggplant-brownie" */;
			buildPhases = (
				2D087A97243E8B3E002A62D2 /* Sources */,
				2D087A98243E8B3E002A62D2 /* Frameworks */,
				2D087A99243E8B3E002A62D2 /* Resources */,
			);
			buildRules = (
			);
			dependencies = (
			);
			name = "eggplant-brownie";
			productName = "eggplant-brownie";
			productReference = 2D087A9B243E8B3E002A62D2 /* eggplant-brownie.app */;
			productType = "com.apple.product-type.application";
		};
/* End PBXNativeTarget section */

/* Begin PBXProject section */
		2D087A93243E8B3E002A62D2 /* Project object */ = {
			isa = PBXProject;
			attributes = {
				LastSwiftUpdateCheck = 1140;
				LastUpgradeCheck = 1140;
				ORGANIZATIONNAME = "Natallyson Saraiva";
				TargetAttributes = {
					2D087A9A243E8B3E002A62D2 = {
						CreatedOnToolsVersion = 11.4;
					};
				};
			};
			buildConfigurationList = 2D087A96243E8B3E002A62D2 /* Build configuration list for PBXProject "eggplant-brownie" */;
			compatibilityVersion = "Xcode 9.3";
			developmentRegion = en;
			hasScannedForEncodings = 0;
			knownRegions = (
				en,
				Base,
			);
			mainGroup = 2D087A92243E8B3E002A62D2;
			productRefGroup = 2D087A9C243E8B3E002A62D2 /* Products */;
			projectDirPath = "";
			projectRoot = "";
			targets = (
				2D087A9A243E8B3E002A62D2 /* eggplant-brownie */,
			);
		};
/* End PBXProject section */

/* Begin PBXResourcesBuildPhase section */
		2D087A99243E8B3E002A62D2 /* Resources */ = {
			isa = PBXResourcesBuildPhase;
			buildActionMask = 2147483647;
			files = (
				2D087AAB243E8B45002A62D2 /* LaunchScreen.storyboard in Resources */,
				2D087AA8243E8B45002A62D2 /* Assets.xcassets in Resources */,
				2D087AA6243E8B3E002A62D2 /* Main.storyboard in Resources */,
			);
			runOnlyForDeploymentPostprocessing = 0;
		};
/* End PBXResourcesBuildPhase section */

/* Begin PBXSourcesBuildPhase section */
		2D087A97243E8B3E002A62D2 /* Sources */ = {
			isa = PBXSourcesBuildPhase;
			buildActionMask = 2147483647;
			files = (
				2D46EE80244A6B2000F60B7E /* Item.swift in Sources */,
				2D087AA3243E8B3E002A62D2 /* ViewController.swift in Sources */,
				2D087A9F243E8B3E002A62D2 /* AppDelegate.swift in Sources */,
				2D087AA1243E8B3E002A62D2 /* SceneDelegate.swift in Sources */,
				2D46EE7E244A6ABD00F60B7E /* Refeicao.swift in Sources */,
			);
			runOnlyForDeploymentPostprocessing = 0;
		};
/* End PBXSourcesBuildPhase section */

/* Begin PBXVariantGroup section */
		2D087AA4243E8B3E002A62D2 /* Main.storyboard */ = {
			isa = PBXVariantGroup;
			children = (
				2D087AA5243E8B3E002A62D2 /* Base */,
			);
			name = Main.storyboard;
			sourceTree = "<group>";
		};
		2D087AA9243E8B45002A62D2 /* LaunchScreen.storyboard */ = {
			isa = PBXVariantGroup;
			children = (
				2D087AAA243E8B45002A62D2 /* Base */,
			);
			name = LaunchScreen.storyboard;
			sourceTree = "<group>";
		};
/* End PBXVariantGroup section */

/* Begin XCBuildConfiguration section */
		2D087AAD243E8B45002A62D2 /* Debug */ = {
			isa = XCBuildConfiguration;
			buildSettings = {
				ALWAYS_SEARCH_USER_PATHS = NO;
				CLANG_ANALYZER_NONNULL = YES;
				CLANG_ANALYZER_NUMBER_OBJECT_CONVERSION = YES_AGGRESSIVE;
				CLANG_CXX_LANGUAGE_STANDARD = "gnu++14";
				CLANG_CXX_LIBRARY = "libc++";
				CLANG_ENABLE_MODULES = YES;
				CLANG_ENABLE_OBJC_ARC = YES;
				CLANG_ENABLE_OBJC_WEAK = YES;
				CLANG_WARN_BLOCK_CAPTURE_AUTORELEASING = YES;
				CLANG_WARN_BOOL_CONVERSION = YES;
				CLANG_WARN_COMMA = YES;
				CLANG_WARN_CONSTANT_CONVERSION = YES;
				CLANG_WARN_DEPRECATED_OBJC_IMPLEMENTATIONS = YES;
				CLANG_WARN_DIRECT_OBJC_ISA_USAGE = YES_ERROR;
				CLANG_WARN_DOCUMENTATION_COMMENTS = YES;
				CLANG_WARN_EMPTY_BODY = YES;
				CLANG_WARN_ENUM_CONVERSION = YES;
				CLANG_WARN_INFINITE_RECURSION = YES;
				CLANG_WARN_INT_CONVERSION = YES;
				CLANG_WARN_NON_LITERAL_NULL_CONVERSION = YES;
				CLANG_WARN_OBJC_IMPLICIT_RETAIN_SELF = YES;
				CLANG_WARN_OBJC_LITERAL_CONVERSION = YES;
				CLANG_WARN_OBJC_ROOT_CLASS = YES_ERROR;
				CLANG_WARN_RANGE_LOOP_ANALYSIS = YES;
				CLANG_WARN_STRICT_PROTOTYPES = YES;
				CLANG_WARN_SUSPICIOUS_MOVE = YES;
				CLANG_WARN_UNGUARDED_AVAILABILITY = YES_AGGRESSIVE;
				CLANG_WARN_UNREACHABLE_CODE = YES;
				CLANG_WARN__DUPLICATE_METHOD_MATCH = YES;
				COPY_PHASE_STRIP = NO;
				DEBUG_INFORMATION_FORMAT = dwarf;
				ENABLE_STRICT_OBJC_MSGSEND = YES;
				ENABLE_TESTABILITY = YES;
				GCC_C_LANGUAGE_STANDARD = gnu11;
				GCC_DYNAMIC_NO_PIC = NO;
				GCC_NO_COMMON_BLOCKS = YES;
				GCC_OPTIMIZATION_LEVEL = 0;
				GCC_PREPROCESSOR_DEFINITIONS = (
					"DEBUG=1",
					"$(inherited)",
				);
				GCC_WARN_64_TO_32_BIT_CONVERSION = YES;
				GCC_WARN_ABOUT_RETURN_TYPE = YES_ERROR;
				GCC_WARN_UNDECLARED_SELECTOR = YES;
				GCC_WARN_UNINITIALIZED_AUTOS = YES_AGGRESSIVE;
				GCC_WARN_UNUSED_FUNCTION = YES;
				GCC_WARN_UNUSED_VARIABLE = YES;
				IPHONEOS_DEPLOYMENT_TARGET = 13.4;
				MTL_ENABLE_DEBUG_INFO = INCLUDE_SOURCE;
				MTL_FAST_MATH = YES;
				ONLY_ACTIVE_ARCH = YES;
				SDKROOT = iphoneos;
				SWIFT_ACTIVE_COMPILATION_CONDITIONS = DEBUG;
				SWIFT_OPTIMIZATION_LEVEL = "-Onone";
			};
			name = Debug;
		};
		2D087AAE243E8B45002A62D2 /* Release */ = {
			isa = XCBuildConfiguration;
			buildSettings = {
				ALWAYS_SEARCH_USER_PATHS = NO;
				CLANG_ANALYZER_NONNULL = YES;
				CLANG_ANALYZER_NUMBER_OBJECT_CONVERSION = YES_AGGRESSIVE;
				CLANG_CXX_LANGUAGE_STANDARD = "gnu++14";
				CLANG_CXX_LIBRARY = "libc++";
				CLANG_ENABLE_MODULES = YES;
				CLANG_ENABLE_OBJC_ARC = YES;
				CLANG_ENABLE_OBJC_WEAK = YES;
				CLANG_WARN_BLOCK_CAPTURE_AUTORELEASING = YES;
				CLANG_WARN_BOOL_CONVERSION = YES;
				CLANG_WARN_COMMA = YES;
				CLANG_WARN_CONSTANT_CONVERSION = YES;
				CLANG_WARN_DEPRECATED_OBJC_IMPLEMENTATIONS = YES;
				CLANG_WARN_DIRECT_OBJC_ISA_USAGE = YES_ERROR;
				CLANG_WARN_DOCUMENTATION_COMMENTS = YES;
				CLANG_WARN_EMPTY_BODY = YES;
				CLANG_WARN_ENUM_CONVERSION = YES;
				CLANG_WARN_INFINITE_RECURSION = YES;
				CLANG_WARN_INT_CONVERSION = YES;
				CLANG_WARN_NON_LITERAL_NULL_CONVERSION = YES;
				CLANG_WARN_OBJC_IMPLICIT_RETAIN_SELF = YES;
				CLANG_WARN_OBJC_LITERAL_CONVERSION = YES;
				CLANG_WARN_OBJC_ROOT_CLASS = YES_ERROR;
				CLANG_WARN_RANGE_LOOP_ANALYSIS = YES;
				CLANG_WARN_STRICT_PROTOTYPES = YES;
				CLANG_WARN_SUSPICIOUS_MOVE = YES;
				CLANG_WARN_UNGUARDED_AVAILABILITY = YES_AGGRESSIVE;
				CLANG_WARN_UNREACHABLE_CODE = YES;
				CLANG_WARN__DUPLICATE_METHOD_MATCH = YES;
				COPY_PHASE_STRIP = NO;
				DEBUG_INFORMATION_FORMAT = "dwarf-with-dsym";
				ENABLE_NS_ASSERTIONS = NO;
				ENABLE_STRICT_OBJC_MSGSEND = YES;
				GCC_C_LANGUAGE_STANDARD = gnu11;
				GCC_NO_COMMON_BLOCKS = YES;
				GCC_WARN_64_TO_32_BIT_CONVERSION = YES;
				GCC_WARN_ABOUT_RETURN_TYPE = YES_ERROR;
				GCC_WARN_UNDECLARED_SELECTOR = YES;
				GCC_WARN_UNINITIALIZED_AUTOS = YES_AGGRESSIVE;
				GCC_WARN_UNUSED_FUNCTION = YES;
				GCC_WARN_UNUSED_VARIABLE = YES;
				IPHONEOS_DEPLOYMENT_TARGET = 13.4;
				MTL_ENABLE_DEBUG_INFO = NO;
				MTL_FAST_MATH = YES;
				SDKROOT = iphoneos;
				SWIFT_COMPILATION_MODE = wholemodule;
				SWIFT_OPTIMIZATION_LEVEL = "-O";
				VALIDATE_PRODUCT = YES;
			};
			name = Release;
		};
		2D087AB0243E8B45002A62D2 /* Debug */ = {
			isa = XCBuildConfiguration;
			buildSettings = {
				ASSETCATALOG_COMPILER_APPICON_NAME = AppIcon;
				CODE_SIGN_STYLE = Automatic;
				INFOPLIST_FILE = "eggplant-brownie/Info.plist";
				LD_RUNPATH_SEARCH_PATHS = (
					"$(inherited)",
					"@executable_path/Frameworks",
				);
				PRODUCT_BUNDLE_IDENTIFIER = "br.com.natallyson.eggplant-brownie";
				PRODUCT_NAME = "$(TARGET_NAME)";
				SWIFT_VERSION = 5.0;
				TARGETED_DEVICE_FAMILY = "1,2";
			};
			name = Debug;
		};
		2D087AB1243E8B45002A62D2 /* Release */ = {
			isa = XCBuildConfiguration;
			buildSettings = {
				ASSETCATALOG_COMPILER_APPICON_NAME = AppIcon;
				CODE_SIGN_STYLE = Automatic;
				INFOPLIST_FILE = "eggplant-brownie/Info.plist";
				LD_RUNPATH_SEARCH_PATHS = (
					"$(inherited)",
					"@executable_path/Frameworks",
				);
				PRODUCT_BUNDLE_IDENTIFIER = "br.com.natallyson.eggplant-brownie";
				PRODUCT_NAME = "$(TARGET_NAME)";
				SWIFT_VERSION = 5.0;
				TARGETED_DEVICE_FAMILY = "1,2";
			};
			name = Release;
		};
/* End XCBuildConfiguration section */

/* Begin XCConfigurationList section */
		2D087A96243E8B3E002A62D2 /* Build configuration list for PBXProject "eggplant-brownie" */ = {
			isa = XCConfigurationList;
			buildConfigurations = (
				2D087AAD243E8B45002A62D2 /* Debug */,
				2D087AAE243E8B45002A62D2 /* Release */,
			);
			defaultConfigurationIsVisible = 0;
			defaultConfigurationName = Release;
		};
		2D087AAF243E8B45002A62D2 /* Build configuration list for PBXNativeTarget "eggplant-brownie" */ = {
			isa = XCConfigurationList;
			buildConfigurations = (
				2D087AB0243E8B45002A62D2 /* Debug */,
				2D087AB1243E8B45002A62D2 /* Release */,
			);
			defaultConfigurationIsVisible = 0;
			defaultConfigurationName = Release;
		};
/* End XCConfigurationList section */
	};
	rootObject = 2D087A93243E8B3E002A62D2 /* Project object */;
}
